
Microsoft Visual Studio Solution File, Format Version 11.00
# Visual Basic Express 2010
Project("{F184B08F-C81C-45F6-A57F-5ABD9991F28F}") = "影像處理軟體2.4", "影像處理軟體2.4\影像處理軟體2.4.vbproj", "{96C4F74F-7187-456F-81ED-DB7E5384C026}"
EndProject
Global
	GlobalSection(SolutionConfigurationPlatforms) = preSolution
		Debug|x86 = Debug|x86
		Release|x86 = Release|x86
	EndGlobalSection
	GlobalSection(ProjectConfigurationPlatforms) = postSolution
		{96C4F74F-7187-456F-81ED-DB7E5384C026}.Debug|x86.ActiveCfg = Debug|x86
		{96C4F74F-7187-456F-81ED-DB7E5384C026}.Debug|x86.Build.0 = Debug|x86
		{96C4F74F-7187-456F-81ED-DB7E5384C026}.Release|x86.ActiveCfg = Release|x86
		{96C4F74F-7187-456F-81ED-DB7E5384C026}.Release|x86.Build.0 = Release|x86
	EndGlobalSection
	GlobalSection(SolutionProperties) = preSolution
		HideSolutionNode = FALSE
	EndGlobalSection
EndGlobal
